{
  "name": "uhouse-mobile",
  "version": "0.1.0",
  "lockfileVersion": 1,
  "requires": true,
  "dependencies": {
    "react-native-filesystem": {
      "version": "0.1.0",
      "resolved": "https://registry.npmjs.org/react-native-filesystem/-/react-native-filesystem-0.1.0.tgz",
      "integrity": "sha1-tm7rv6BGrBLLXSUD7aeGQfyljCM="
    }
  }
}
